
Microsoft Visual Studio Solution File, Format Version 12.00
# Visual Studio 14
VisualStudioVersion = 14.0.25420.1
MinimumVisualStudioVersion = 10.0.40219.1
Project("{2150E333-8FDC-42A3-9474-1A3956D46DE8}") = ".nuget", ".nuget", "{14D02B97-5743-4A60-9BEE-8CEBFD24FCA5}"
	ProjectSection(SolutionItems) = preProject
		.nuget\NuGet.Config = .nuget\NuGet.Config
		.nuget\NuGet.exe = .nuget\NuGet.exe
		.nuget\NuGet.targets = .nuget\NuGet.targets
	EndProjectSection
EndProject
Project("{FAE04EC0-301F-11D3-BF4B-00C04F79EFBC}") = "Samples.Serilog", "src\Samples.Serilog\Samples.Serilog.csproj", "{CA5FE31F-A49A-41EE-AE2E-0C4F46683642}"
EndProject
Project("{FAE04EC0-301F-11D3-BF4B-00C04F79EFBC}") = "Samples.WcfWeb", "src\Samples.WcfWeb\Samples.WcfWeb.csproj", "{B411712D-0B64-4975-9963-CC17E4B14A03}"
EndProject
Project("{2150E333-8FDC-42A3-9474-1A3956D46DE8}") = "src", "src", "{9FD4A6E4-C26F-4B45-AC6C-831EB304770B}"
EndProject
Project("{FAE04EC0-301F-11D3-BF4B-00C04F79EFBC}") = "Samples.NancyFx", "src\Samples.NancyFx\Samples.NancyFx.csproj", "{F14FF60A-C6D9-4222-93E8-95C9723F581F}"
EndProject
Project("{2150E333-8FDC-42A3-9474-1A3956D46DE8}") = "Tests", "Tests", "{5E32F48E-2ED0-4A12-8D08-2C15FA65E9F5}"
EndProject
Project("{2150E333-8FDC-42A3-9474-1A3956D46DE8}") = "Solution Items", "Solution Items", "{353D48AC-EE4B-41E2-93D9-120C8D58946C}"
	ProjectSection(SolutionItems) = preProject
		README.md = README.md
	EndProjectSection
EndProject
Project("{FAE04EC0-301F-11D3-BF4B-00C04F79EFBC}") = "Samples.NancyFx.Tests", "src\Samples.NancyFx.Tests\Samples.NancyFx.Tests.csproj", "{11DF4631-F8B1-4921-AE93-69F8D3A73FBA}"
EndProject
Project("{FAE04EC0-301F-11D3-BF4B-00C04F79EFBC}") = "Samples.Dapper", "src\Samples.Dapper\Samples.Dapper.csproj", "{E9406876-2B06-4E0F-B395-C28F7CAB066B}"
EndProject
Project("{FAE04EC0-301F-11D3-BF4B-00C04F79EFBC}") = "Samples.Dapper.Tests", "src\Samples.Dapper.Tests\Samples.Dapper.Tests.csproj", "{EE669406-127E-4628-82DA-3EA87B1BA89E}"
EndProject
Project("{FAE04EC0-301F-11D3-BF4B-00C04F79EFBC}") = "Samples.AspNet.WebApi", "src\Samples.AspNet.WebApi\Samples.AspNet.WebApi.csproj", "{B349A35A-F0D4-4419-9011-E85BA53D57B8}"
EndProject
Project("{FAE04EC0-301F-11D3-BF4B-00C04F79EFBC}") = "Samples.InterviewTasks", "src\Samples.InterviewTasks\Samples.InterviewTasks.csproj", "{0066509A-BB93-4F55-88F7-3A269D8D2981}"
EndProject
Project("{FAE04EC0-301F-11D3-BF4B-00C04F79EFBC}") = "Samples.InterviewTasks.Tests", "src\Samples.InterviewTasks.Tests\Samples.InterviewTasks.Tests.csproj", "{BEE00E59-28B2-4ADB-AAB4-983288D1D82A}"
EndProject
Global
	GlobalSection(SolutionConfigurationPlatforms) = preSolution
		Debug|Any CPU = Debug|Any CPU
		Release|Any CPU = Release|Any CPU
	EndGlobalSection
	GlobalSection(ProjectConfigurationPlatforms) = postSolution
		{CA5FE31F-A49A-41EE-AE2E-0C4F46683642}.Debug|Any CPU.ActiveCfg = Debug|Any CPU
		{CA5FE31F-A49A-41EE-AE2E-0C4F46683642}.Debug|Any CPU.Build.0 = Debug|Any CPU
		{CA5FE31F-A49A-41EE-AE2E-0C4F46683642}.Release|Any CPU.ActiveCfg = Release|Any CPU
		{CA5FE31F-A49A-41EE-AE2E-0C4F46683642}.Release|Any CPU.Build.0 = Release|Any CPU
		{B411712D-0B64-4975-9963-CC17E4B14A03}.Debug|Any CPU.ActiveCfg = Debug|Any CPU
		{B411712D-0B64-4975-9963-CC17E4B14A03}.Debug|Any CPU.Build.0 = Debug|Any CPU
		{B411712D-0B64-4975-9963-CC17E4B14A03}.Release|Any CPU.ActiveCfg = Release|Any CPU
		{B411712D-0B64-4975-9963-CC17E4B14A03}.Release|Any CPU.Build.0 = Release|Any CPU
		{F14FF60A-C6D9-4222-93E8-95C9723F581F}.Debug|Any CPU.ActiveCfg = Debug|Any CPU
		{F14FF60A-C6D9-4222-93E8-95C9723F581F}.Debug|Any CPU.Build.0 = Debug|Any CPU
		{F14FF60A-C6D9-4222-93E8-95C9723F581F}.Release|Any CPU.ActiveCfg = Release|Any CPU
		{F14FF60A-C6D9-4222-93E8-95C9723F581F}.Release|Any CPU.Build.0 = Release|Any CPU
		{11DF4631-F8B1-4921-AE93-69F8D3A73FBA}.Debug|Any CPU.ActiveCfg = Debug|Any CPU
		{11DF4631-F8B1-4921-AE93-69F8D3A73FBA}.Debug|Any CPU.Build.0 = Debug|Any CPU
		{11DF4631-F8B1-4921-AE93-69F8D3A73FBA}.Release|Any CPU.ActiveCfg = Release|Any CPU
		{11DF4631-F8B1-4921-AE93-69F8D3A73FBA}.Release|Any CPU.Build.0 = Release|Any CPU
		{E9406876-2B06-4E0F-B395-C28F7CAB066B}.Debug|Any CPU.ActiveCfg = Debug|Any CPU
		{E9406876-2B06-4E0F-B395-C28F7CAB066B}.Debug|Any CPU.Build.0 = Debug|Any CPU
		{E9406876-2B06-4E0F-B395-C28F7CAB066B}.Release|Any CPU.ActiveCfg = Release|Any CPU
		{E9406876-2B06-4E0F-B395-C28F7CAB066B}.Release|Any CPU.Build.0 = Release|Any CPU
		{EE669406-127E-4628-82DA-3EA87B1BA89E}.Debug|Any CPU.ActiveCfg = Debug|Any CPU
		{EE669406-127E-4628-82DA-3EA87B1BA89E}.Debug|Any CPU.Build.0 = Debug|Any CPU
		{EE669406-127E-4628-82DA-3EA87B1BA89E}.Release|Any CPU.ActiveCfg = Release|Any CPU
		{EE669406-127E-4628-82DA-3EA87B1BA89E}.Release|Any CPU.Build.0 = Release|Any CPU
		{B349A35A-F0D4-4419-9011-E85BA53D57B8}.Debug|Any CPU.ActiveCfg = Debug|Any CPU
		{B349A35A-F0D4-4419-9011-E85BA53D57B8}.Debug|Any CPU.Build.0 = Debug|Any CPU
		{B349A35A-F0D4-4419-9011-E85BA53D57B8}.Release|Any CPU.ActiveCfg = Release|Any CPU
		{B349A35A-F0D4-4419-9011-E85BA53D57B8}.Release|Any CPU.Build.0 = Release|Any CPU
		{0066509A-BB93-4F55-88F7-3A269D8D2981}.Debug|Any CPU.ActiveCfg = Debug|Any CPU
		{0066509A-BB93-4F55-88F7-3A269D8D2981}.Debug|Any CPU.Build.0 = Debug|Any CPU
		{0066509A-BB93-4F55-88F7-3A269D8D2981}.Release|Any CPU.ActiveCfg = Release|Any CPU
		{0066509A-BB93-4F55-88F7-3A269D8D2981}.Release|Any CPU.Build.0 = Release|Any CPU
		{BEE00E59-28B2-4ADB-AAB4-983288D1D82A}.Debug|Any CPU.ActiveCfg = Debug|Any CPU
		{BEE00E59-28B2-4ADB-AAB4-983288D1D82A}.Debug|Any CPU.Build.0 = Debug|Any CPU
		{BEE00E59-28B2-4ADB-AAB4-983288D1D82A}.Release|Any CPU.ActiveCfg = Release|Any CPU
		{BEE00E59-28B2-4ADB-AAB4-983288D1D82A}.Release|Any CPU.Build.0 = Release|Any CPU
	EndGlobalSection
	GlobalSection(SolutionProperties) = preSolution
		HideSolutionNode = FALSE
	EndGlobalSection
	GlobalSection(NestedProjects) = preSolution
		{CA5FE31F-A49A-41EE-AE2E-0C4F46683642} = {9FD4A6E4-C26F-4B45-AC6C-831EB304770B}
		{B411712D-0B64-4975-9963-CC17E4B14A03} = {9FD4A6E4-C26F-4B45-AC6C-831EB304770B}
		{F14FF60A-C6D9-4222-93E8-95C9723F581F} = {9FD4A6E4-C26F-4B45-AC6C-831EB304770B}
		{11DF4631-F8B1-4921-AE93-69F8D3A73FBA} = {5E32F48E-2ED0-4A12-8D08-2C15FA65E9F5}
		{E9406876-2B06-4E0F-B395-C28F7CAB066B} = {9FD4A6E4-C26F-4B45-AC6C-831EB304770B}
		{EE669406-127E-4628-82DA-3EA87B1BA89E} = {5E32F48E-2ED0-4A12-8D08-2C15FA65E9F5}
		{B349A35A-F0D4-4419-9011-E85BA53D57B8} = {9FD4A6E4-C26F-4B45-AC6C-831EB304770B}
		{0066509A-BB93-4F55-88F7-3A269D8D2981} = {9FD4A6E4-C26F-4B45-AC6C-831EB304770B}
		{BEE00E59-28B2-4ADB-AAB4-983288D1D82A} = {5E32F48E-2ED0-4A12-8D08-2C15FA65E9F5}
	EndGlobalSection
EndGlobal
